
Microsoft Visual Studio Solution File, Format Version 12.00
Project("{FAE04EC0-301F-11D3-BF4B-00C04F79EFBC}") = "Fileware", "Fileware\Fileware.csproj", "{C46746A2-D11C-46D6-A1EE-DE002B8309FD}"
EndProject
Project("{FAE04EC0-301F-11D3-BF4B-00C04F79EFBC}") = "FilewareApi", "FilewareApi\FilewareApi.csproj", "{66EB41B3-4F46-4F06-A9A4-DBDF10BF803D}"
EndProject
Global
	GlobalSection(SolutionConfigurationPlatforms) = preSolution
		Debug|Any CPU = Debug|Any CPU
		Release|Any CPU = Release|Any CPU
	EndGlobalSection
	GlobalSection(ProjectConfigurationPlatforms) = postSolution
		{C46746A2-D11C-46D6-A1EE-DE002B8309FD}.Debug|Any CPU.ActiveCfg = Debug|Any CPU
		{C46746A2-D11C-46D6-A1EE-DE002B8309FD}.Debug|Any CPU.Build.0 = Debug|Any CPU
		{C46746A2-D11C-46D6-A1EE-DE002B8309FD}.Release|Any CPU.ActiveCfg = Release|Any CPU
		{C46746A2-D11C-46D6-A1EE-DE002B8309FD}.Release|Any CPU.Build.0 = Release|Any CPU
		{66EB41B3-4F46-4F06-A9A4-DBDF10BF803D}.Debug|Any CPU.ActiveCfg = Debug|Any CPU
		{66EB41B3-4F46-4F06-A9A4-DBDF10BF803D}.Debug|Any CPU.Build.0 = Debug|Any CPU
		{66EB41B3-4F46-4F06-A9A4-DBDF10BF803D}.Release|Any CPU.ActiveCfg = Release|Any CPU
		{66EB41B3-4F46-4F06-A9A4-DBDF10BF803D}.Release|Any CPU.Build.0 = Release|Any CPU
	EndGlobalSection
EndGlobal
